
Microsoft Visual Studio Solution File, Format Version 10.00
# Visual Studio 2008
Project("{8BC9CEB8-8B4A-11D0-8D11-00A0C91BC942}") = "T00FIRST", "T00FIRST.vcproj", "{82ECD2AD-33EB-4518-B073-9546454DE344}"
EndProject
Global
	GlobalSection(SolutionConfigurationPlatforms) = preSolution
		Debug|Win32 = Debug|Win32
		Release|Win32 = Release|Win32
	EndGlobalSection
	GlobalSection(ProjectConfigurationPlatforms) = postSolution
		{82ECD2AD-33EB-4518-B073-9546454DE344}.Debug|Win32.ActiveCfg = Debug|Win32
		{82ECD2AD-33EB-4518-B073-9546454DE344}.Debug|Win32.Build.0 = Debug|Win32
		{82ECD2AD-33EB-4518-B073-9546454DE344}.Release|Win32.ActiveCfg = Release|Win32
		{82ECD2AD-33EB-4518-B073-9546454DE344}.Release|Win32.Build.0 = Release|Win32
	EndGlobalSection
	GlobalSection(SolutionProperties) = preSolution
		HideSolutionNode = FALSE
	EndGlobalSection
EndGlobal
